Microsoft Visual Studio Solution File, Format Version 12.00
# Visual Studio Version 17
VisualStudioVersion = 17.5.2.0
MinimumVisualStudioVersion = 10.0.40219.1
Project("{FAE04EC0-301F-11D3-BF4B-00C04F79EFBC}") = "server", "server\server.csproj", "{3461765F-60A1-21BC-764E-FC799869FE2F}"
EndProject
Project("{FAE04EC0-301F-11D3-BF4B-00C04F79EFBC}") = "service-excel", "service-excel\service-excel.csproj", "{BFC120C0-6D18-434E-815B-F1C7B9A45EC1}"
EndProject
Global
	GlobalSection(SolutionConfigurationPlatforms) = preSolution
		Debug|Any CPU = Debug|Any CPU
		Release|Any CPU = Release|Any CPU
	EndGlobalSection
	GlobalSection(ProjectConfigurationPlatforms) = postSolution
		{3461765F-60A1-21BC-764E-FC799869FE2F}.Debug|Any CPU.ActiveCfg = Debug|Any CPU
		{3461765F-60A1-21BC-764E-FC799869FE2F}.Debug|Any CPU.Build.0 = Debug|Any CPU
		{3461765F-60A1-21BC-764E-FC799869FE2F}.Release|Any CPU.ActiveCfg = Release|Any CPU
		{3461765F-60A1-21BC-764E-FC799869FE2F}.Release|Any CPU.Build.0 = Release|Any CPU
		{BFC120C0-6D18-434E-815B-F1C7B9A45EC1}.Debug|Any CPU.ActiveCfg = Debug|Any CPU
		{BFC120C0-6D18-434E-815B-F1C7B9A45EC1}.Debug|Any CPU.Build.0 = Debug|Any CPU
		{BFC120C0-6D18-434E-815B-F1C7B9A45EC1}.Release|Any CPU.ActiveCfg = Release|Any CPU
		{BFC120C0-6D18-434E-815B-F1C7B9A45EC1}.Release|Any CPU.Build.0 = Release|Any CPU
	EndGlobalSection
	GlobalSection(SolutionProperties) = preSolution
		HideSolutionNode = FALSE
	EndGlobalSection
	GlobalSection(ExtensibilityGlobals) = postSolution
		SolutionGuid = {F0D62830-935D-4846-B3B9-EBA96BC2C33D}
	EndGlobalSection
EndGlobal
